
Microsoft Visual Studio Solution File, Format Version 12.00
# Visual Studio Version 17
VisualStudioVersion = 17.0.31903.59
MinimumVisualStudioVersion = 10.0.40219.1
Project("{FAE04EC0-301F-11D3-BF4B-00C04F79EFBC}") = "Server", "GameServer\Server.csproj", "{2A211266-0E20-4A95-82D4-9C9297B7FCDB}"
EndProject
Project("{FAE04EC0-301F-11D3-BF4B-00C04F79EFBC}") = "WinFormsApp1", "ExampleAnimation\WinFormsApp1.csproj", "{2577C33C-5FFF-46E1-9646-FED2A4F4A997}"
EndProject
Project("{FAE04EC0-301F-11D3-BF4B-00C04F79EFBC}") = "Common", "Common\Common.csproj", "{A6CDDDEF-48B9-481C-BE7A-55E425C6B318}"
EndProject
Project("{FAE04EC0-301F-11D3-BF4B-00C04F79EFBC}") = "Client2", "Client2\Client2.csproj", "{1A804F0B-1957-4D98-B075-BFBC1A3C98E4}"
EndProject
Project("{FAE04EC0-301F-11D3-BF4B-00C04F79EFBC}") = "Client1", "Client1\Client1.csproj", "{9A08CAA0-A1E4-42F2-985A-270CFE0B4715}"
EndProject
Global
	GlobalSection(SolutionConfigurationPlatforms) = preSolution
		Debug|Any CPU = Debug|Any CPU
		Release|Any CPU = Release|Any CPU
	EndGlobalSection
	GlobalSection(ProjectConfigurationPlatforms) = postSolution
		{2A211266-0E20-4A95-82D4-9C9297B7FCDB}.Debug|Any CPU.ActiveCfg = Debug|Any CPU
		{2A211266-0E20-4A95-82D4-9C9297B7FCDB}.Debug|Any CPU.Build.0 = Debug|Any CPU
		{2A211266-0E20-4A95-82D4-9C9297B7FCDB}.Release|Any CPU.ActiveCfg = Release|Any CPU
		{2A211266-0E20-4A95-82D4-9C9297B7FCDB}.Release|Any CPU.Build.0 = Release|Any CPU
		{2577C33C-5FFF-46E1-9646-FED2A4F4A997}.Debug|Any CPU.ActiveCfg = Debug|Any CPU
		{2577C33C-5FFF-46E1-9646-FED2A4F4A997}.Debug|Any CPU.Build.0 = Debug|Any CPU
		{2577C33C-5FFF-46E1-9646-FED2A4F4A997}.Release|Any CPU.ActiveCfg = Release|Any CPU
		{2577C33C-5FFF-46E1-9646-FED2A4F4A997}.Release|Any CPU.Build.0 = Release|Any CPU
		{A6CDDDEF-48B9-481C-BE7A-55E425C6B318}.Debug|Any CPU.ActiveCfg = Debug|Any CPU
		{A6CDDDEF-48B9-481C-BE7A-55E425C6B318}.Debug|Any CPU.Build.0 = Debug|Any CPU
		{A6CDDDEF-48B9-481C-BE7A-55E425C6B318}.Release|Any CPU.ActiveCfg = Release|Any CPU
		{A6CDDDEF-48B9-481C-BE7A-55E425C6B318}.Release|Any CPU.Build.0 = Release|Any CPU
		{1A804F0B-1957-4D98-B075-BFBC1A3C98E4}.Debug|Any CPU.ActiveCfg = Debug|Any CPU
		{1A804F0B-1957-4D98-B075-BFBC1A3C98E4}.Debug|Any CPU.Build.0 = Debug|Any CPU
		{1A804F0B-1957-4D98-B075-BFBC1A3C98E4}.Release|Any CPU.ActiveCfg = Release|Any CPU
		{1A804F0B-1957-4D98-B075-BFBC1A3C98E4}.Release|Any CPU.Build.0 = Release|Any CPU
		{9A08CAA0-A1E4-42F2-985A-270CFE0B4715}.Debug|Any CPU.ActiveCfg = Debug|Any CPU
		{9A08CAA0-A1E4-42F2-985A-270CFE0B4715}.Debug|Any CPU.Build.0 = Debug|Any CPU
		{9A08CAA0-A1E4-42F2-985A-270CFE0B4715}.Release|Any CPU.ActiveCfg = Release|Any CPU
		{9A08CAA0-A1E4-42F2-985A-270CFE0B4715}.Release|Any CPU.Build.0 = Release|Any CPU
	EndGlobalSection
	GlobalSection(SolutionProperties) = preSolution
		HideSolutionNode = FALSE
	EndGlobalSection
	GlobalSection(ExtensibilityGlobals) = postSolution
		SolutionGuid = {9AB1DBFC-0071-4A84-97EB-F6642344AD0B}
	EndGlobalSection
EndGlobal
